PODS:
  - MBProgressHUD (1.1.0)
  - SalesManGlobal (0.7.0):
    - MBProgressHUD

DEPENDENCIES:
  - MBProgressHUD
  - SalesManGlobal (from `../`)

EXTERNAL SOURCES:
  SalesManGlobal:
    :path: ../

SPEC CHECKSUMS:
  MBProgressHUD: e7baa36a220447d8aeb12769bf0585582f3866d9
  SalesManGlobal: 04729f7d1b361c584c06a72caf00bca967fea567

PODFILE CHECKSUM: 33f6be8c6ce17e3d1bbf79cf42611f7c4ee436e2

COCOAPODS: 1.4.0
